
Microsoft Visual Studio Solution File, Format Version 12.00
# Visual Studio Version 17
VisualStudioVersion = 17.1.32421.90
MinimumVisualStudioVersion = 10.0.40219.1
Project("{9A19103F-16F7-4668-BE54-9A1E7A4F7556}") = "Mensuration.Model", "Mensuration.Model\Mensuration.Model.csproj", "{069E7A3F-F594-432C-84FD-467F47E84E68}"
EndProject
Project("{9A19103F-16F7-4668-BE54-9A1E7A4F7556}") = "Mensuration.Logic", "Mensuration.Logic\Mensuration.Logic.csproj", "{BE34C39D-6032-4741-9349-CB4F2F965FDB}"
EndProject
Project("{FAE04EC0-301F-11D3-BF4B-00C04F79EFBC}") = "MensurationApp.Consol", "MensurationApp.Consol\MensurationApp.Consol.csproj", "{44F3054E-2A89-4B8B-A3B2-2E632314371C}"
EndProject
Global
	GlobalSection(SolutionConfigurationPlatforms) = preSolution
		Debug|Any CPU = Debug|Any CPU
		Release|Any CPU = Release|Any CPU
	EndGlobalSection
	GlobalSection(ProjectConfigurationPlatforms) = postSolution
		{069E7A3F-F594-432C-84FD-467F47E84E68}.Debug|Any CPU.ActiveCfg = Debug|Any CPU
		{069E7A3F-F594-432C-84FD-467F47E84E68}.Debug|Any CPU.Build.0 = Debug|Any CPU
		{069E7A3F-F594-432C-84FD-467F47E84E68}.Release|Any CPU.ActiveCfg = Release|Any CPU
		{069E7A3F-F594-432C-84FD-467F47E84E68}.Release|Any CPU.Build.0 = Release|Any CPU
		{BE34C39D-6032-4741-9349-CB4F2F965FDB}.Debug|Any CPU.ActiveCfg = Debug|Any CPU
		{BE34C39D-6032-4741-9349-CB4F2F965FDB}.Debug|Any CPU.Build.0 = Debug|Any CPU
		{BE34C39D-6032-4741-9349-CB4F2F965FDB}.Release|Any CPU.ActiveCfg = Release|Any CPU
		{BE34C39D-6032-4741-9349-CB4F2F965FDB}.Release|Any CPU.Build.0 = Release|Any CPU
		{44F3054E-2A89-4B8B-A3B2-2E632314371C}.Debug|Any CPU.ActiveCfg = Debug|Any CPU
		{44F3054E-2A89-4B8B-A3B2-2E632314371C}.Debug|Any CPU.Build.0 = Debug|Any CPU
		{44F3054E-2A89-4B8B-A3B2-2E632314371C}.Release|Any CPU.ActiveCfg = Release|Any CPU
		{44F3054E-2A89-4B8B-A3B2-2E632314371C}.Release|Any CPU.Build.0 = Release|Any CPU
	EndGlobalSection
	GlobalSection(SolutionProperties) = preSolution
		HideSolutionNode = FALSE
	EndGlobalSection
	GlobalSection(ExtensibilityGlobals) = postSolution
		SolutionGuid = {922581B0-A3C6-4760-9621-7728351E21F7}
	EndGlobalSection
EndGlobal
